<?xml version="1.0" encoding="utf-8"?>
<Project ToolsVersion="4.0" xmlns="http://schemas.microsoft.com/developer/msbuild/2003">
  <ItemGroup>
    <Filter Include="Source">
      <UniqueIdentifier>{4FC737F1-C7A5-4376-A066-2A32D752A2FF}</UniqueIdentifier>
      <Extensions>cpp;c;cc;cxx;c++;cppm;ixx;def;odl;idl;hpj;bat;asm;asmx</Extensions>
    </Filter>
    <Filter Include="Header">
      <UniqueIdentifier>{93995380-89BD-4b04-88EB-625FBE52EBFB}</UniqueIdentifier>
      <Extensions>h;hh;hpp;hxx;h++;hm;inl;inc;ipp;xsd</Extensions>
    </Filter>
    <Filter Include="Socket">
      <UniqueIdentifier>{daaaffba-d7d0-4737-b727-75586b086518}</UniqueIdentifier>
    </Filter>
    <Filter Include="GameCode">
      <UniqueIdentifier>{901a4217-6d97-4d91-ba99-10dfddd2063c}</UniqueIdentifier>
    </Filter>
    <Filter Include="GameCode\Object">
      <UniqueIdentifier>{a7403ba6-bc7d-4e31-a42e-db20466807e0}</UniqueIdentifier>
    </Filter>
    <Filter Include="GameCode\Scene">
      <UniqueIdentifier>{9415f384-56fe-4c85-a5f5-e52464e62027}</UniqueIdentifier>
    </Filter>
  </ItemGroup>
  <ItemGroup>
    <ClCompile Include="main.cpp">
      <Filter>Source</Filter>
    </ClCompile>
    <ClCompile Include="SSession.cpp">
      <Filter>Socket</Filter>
    </ClCompile>
    <ClCompile Include="pch.cpp">
      <Filter>Header</Filter>
    </ClCompile>
    <ClCompile Include="Object\Button.cpp">
      <Filter>GameCode\Object</Filter>
    </ClCompile>
    <ClCompile Include="Object\Monster.cpp">
      <Filter>GameCode\Object</Filter>
    </ClCompile>
    <ClCompile Include="Object\MovingObject.cpp">
      <Filter>GameCode\Object</Filter>
    </ClCompile>
    <ClCompile Include="Object\Object.cpp">
      <Filter>GameCode\Object</Filter>
    </ClCompile>
    <ClCompile Include="Object\Player.cpp">
      <Filter>GameCode\Object</Filter>
    </ClCompile>
    <ClCompile Include="Object\RollerCoaster.cpp">
      <Filter>GameCode\Object</Filter>
    </ClCompile>
    <ClCompile Include="Object\Step.cpp">
      <Filter>GameCode\Object</Filter>
    </ClCompile>
    <ClCompile Include="Object\Tile.cpp">
      <Filter>GameCode\Object</Filter>
    </ClCompile>
    <ClCompile Include="Scene\Scene.cpp">
      <Filter>GameCode\Scene</Filter>
    </ClCompile>
    <ClCompile Include="SceneManager.cpp">
      <Filter>GameCode\Scene</Filter>
    </ClCompile>
  </ItemGroup>
  <ItemGroup>
    <ClInclude Include="SSession.h">
      <Filter>Socket</Filter>
    </ClInclude>
    <ClInclude Include="pch.h">
      <Filter>Header</Filter>
    </ClInclude>
    <ClInclude Include="Object\Button.h">
      <Filter>GameCode\Object</Filter>
    </ClInclude>
    <ClInclude Include="Object\Monster.h">
      <Filter>GameCode\Object</Filter>
    </ClInclude>
    <ClInclude Include="Object\MovingObject.h">
      <Filter>GameCode\Object</Filter>
    </ClInclude>
    <ClInclude Include="Object\Object.h">
      <Filter>GameCode\Object</Filter>
    </ClInclude>
    <ClInclude Include="Object\Player.h">
      <Filter>GameCode\Object</Filter>
    </ClInclude>
    <ClInclude Include="Object\RollerCoaster.h">
      <Filter>GameCode\Object</Filter>
    </ClInclude>
    <ClInclude Include="Object\Step.h">
      <Filter>GameCode\Object</Filter>
    </ClInclude>
    <ClInclude Include="Object\Tile.h">
      <Filter>GameCode\Object</Filter>
    </ClInclude>
    <ClInclude Include="Scene\Scene.h">
      <Filter>GameCode\Scene</Filter>
    </ClInclude>
    <ClInclude Include="SceneManager.h">
      <Filter>GameCode\Scene</Filter>
    </ClInclude>
  </ItemGroup>
</Project>